
Microsoft Visual Studio Solution File, Format Version 12.00
Project("{FAE04EC0-301F-11D3-BF4B-00C04F79EFBC}") = "PhotoLibraryAPI", "PhotoLibraryAPI\PhotoLibraryAPI.csproj", "{A3296229-0DEB-4E4B-9280-D7AB747FB131}"
EndProject
Project("{FAE04EC0-301F-11D3-BF4B-00C04F79EFBC}") = "PhotoLibraryApp", "PhotoLibraryApp\PhotoLibraryApp.csproj", "{3264A827-9271-4A22-B7D8-F496F32FB3E6}"
EndProject
Global
	GlobalSection(SolutionConfigurationPlatforms) = preSolution
		Debug|Any CPU = Debug|Any CPU
		Release|Any CPU = Release|Any CPU
	EndGlobalSection
	GlobalSection(ProjectConfigurationPlatforms) = postSolution
		{A3296229-0DEB-4E4B-9280-D7AB747FB131}.Debug|Any CPU.ActiveCfg = Debug|Any CPU
		{A3296229-0DEB-4E4B-9280-D7AB747FB131}.Debug|Any CPU.Build.0 = Debug|Any CPU
		{A3296229-0DEB-4E4B-9280-D7AB747FB131}.Release|Any CPU.ActiveCfg = Release|Any CPU
		{A3296229-0DEB-4E4B-9280-D7AB747FB131}.Release|Any CPU.Build.0 = Release|Any CPU
		{3264A827-9271-4A22-B7D8-F496F32FB3E6}.Debug|Any CPU.ActiveCfg = Debug|Any CPU
		{3264A827-9271-4A22-B7D8-F496F32FB3E6}.Debug|Any CPU.Build.0 = Debug|Any CPU
		{3264A827-9271-4A22-B7D8-F496F32FB3E6}.Release|Any CPU.ActiveCfg = Release|Any CPU
		{3264A827-9271-4A22-B7D8-F496F32FB3E6}.Release|Any CPU.Build.0 = Release|Any CPU
	EndGlobalSection
EndGlobal
